github.com/karosas/hugo-theme-nightfall v0.0.0-20230727162518-861b241bac8f h1:peq98dkEQyMurCZRqrkM9u/4U3cWxqqgxduNBdwV1rc=
github.com/karosas/hugo-theme-nightfall v0.0.0-20230727162518-861b241bac8f/go.mod h1:2KGNjfmqWTzUdHxZ6MjgLT0GYQC3AA52n45sURXV69I=
github.com/karosas/hugo-theme-nightfall v0.0.0-20230728161853-5951c1ee00e4 h1:RJoE2v3shf+gY2VEgg7VXj2neQpFYS9H2/DNoLa/mWY=
github.com/karosas/hugo-theme-nightfall v0.0.0-20230728161853-5951c1ee00e4/go.mod h1:2KGNjfmqWTzUdHxZ6MjgLT0GYQC3AA52n45sURXV69I=
github.com/karosas/hugo-theme-nightfall v0.0.0-20230728163554-f9ce7842a22a h1:jnLzLojJrOD4vn9m7xfR8RlVvBF3C33kI5tg8glbDyc=
github.com/karosas/hugo-theme-nightfall v0.0.0-20230728163554-f9ce7842a22a/go.mod h1:2KGNjfmqWTzUdHxZ6MjgLT0GYQC3AA52n45sURXV69I=
github.com/karosas/hugo-theme-nightfall v0.0.0-20230728165452-c48645340c02 h1:pbNvErlqcwuhl4L8mvBIpO0PSD2xXcLC/WyjL+b/vjU=
github.com/karosas/hugo-theme-nightfall v0.0.0-20230728165452-c48645340c02/go.mod h1:2KGNjfmqWTzUdHxZ6MjgLT0GYQC3AA52n45sURXV69I=
github.com/karosas/hugo-theme-nightfall v0.0.0-20230728165703-3adc5e4901a5 h1:JhUmi2DSKMVNrowJmf6KJfIK++WoITMaE/23R/lakXc=
github.com/karosas/hugo-theme-nightfall v0.0.0-20230728165703-3adc5e4901a5/go.mod h1:2KGNjfmqWTzUdHxZ6MjgLT0GYQC3AA52n45sURXV69I=
github.com/karosas/hugo-theme-nightfall v0.0.0-20230728170042-9564b5cb613f h1:Z250R4US76YXdBqRiimIYAa76Sf4WQDfEJO1xoc7EB8=
github.com/karosas/hugo-theme-nightfall v0.0.0-20230728170042-9564b5cb613f/go.mod h1:2KGNjfmqWTzUdHxZ6MjgLT0GYQC3AA52n45sURXV69I=
github.com/karosas/hugo-theme-nightfall v0.0.0-20230728170141-060a6ed20509 h1:wC8dG/Yp3hcm68VxG4aEDrLBt3IcM1rarLYnjB6+9YI=
github.com/karosas/hugo-theme-nightfall v0.0.0-20230728170141-060a6ed20509/go.mod h1:2KGNjfmqWTzUdHxZ6MjgLT0GYQC3AA52n45sURXV69I=
github.com/karosas/hugo-theme-nightfall v0.0.0-20231223182009-24328343b410 h1:LXzcVDeCxbkot7m+XBWjy+eOMQKrHaWiCll/vwm0b24=
github.com/karosas/hugo-theme-nightfall v0.0.0-20231223182009-24328343b410/go.mod h1:2KGNjfmqWTzUdHxZ6MjgLT0GYQC3AA52n45sURXV69I=
